# This file is automatically @generated by Cargo.
# It is not intended for manual editing.
version = 4

[[package]]
name = "rivi"
version = "0.1.0"
dependencies = [
 "text_editor_foundation",
]

[[package]]
name = "text_editor_foundation"
version = "0.1.0"
source = "git+https://github.com/NDRAEY/text_editor_foundation#0091081a6b62a42fae85fccda273842a5b134edc"
